// !$*UTF8*$!
{
	archiveVersion = 1;
	classes = {
	};
	objectVersion = 50;
	objects = {

/* Begin PBXBuildFile section */
		DE898924249ACE4B000E147A /* AppDelegate.swift in Sources */ = {isa = PBXBuildFile; fileRef = DE898923249ACE4B000E147A /* AppDelegate.swift */; };
		DE898926249ACE4B000E147A /* SceneDelegate.swift in Sources */ = {isa = PBXBuildFile; fileRef = DE898925249ACE4B000E147A /* SceneDelegate.swift */; };
		DE89892B249ACE4B000E147A /* Main.storyboard in Resources */ = {isa = PBXBuildFile; fileRef = DE898929249ACE4B000E147A /* Main.storyboard */; };
		DE89892D249ACE4C000E147A /* Assets.xcassets in Resources */ = {isa = PBXBuildFile; fileRef = DE89892C249ACE4C000E147A /* Assets.xcassets */; };
		DE898930249ACE4C000E147A /* LaunchScreen.storyboard in Resources */ = {isa = PBXBuildFile; fileRef = DE89892E249ACE4C000E147A /* LaunchScreen.storyboard */; };
		DE89893A249ACEE2000E147A /* Cocktail.swift in Sources */ = {isa = PBXBuildFile; fileRef = DE898939249ACEE2000E147A /* Cocktail.swift */; };
		DE89893F249AD1DA000E147A /* CocktailController.swift in Sources */ = {isa = PBXBuildFile; fileRef = DE89893E249AD1DA000E147A /* CocktailController.swift */; };
		DE898941249AD37D000E147A /* CocktailError.swift in Sources */ = {isa = PBXBuildFile; fileRef = DE898940249AD37D000E147A /* CocktailError.swift */; };
		DE898943249AE361000E147A /* CocktailListTableViewController.swift in Sources */ = {isa = PBXBuildFile; fileRef = DE898942249AE361000E147A /* CocktailListTableViewController.swift */; };
		DE898946249AE538000E147A /* CocktailTableViewCell.swift in Sources */ = {isa = PBXBuildFile; fileRef = DE898945249AE538000E147A /* CocktailTableViewCell.swift */; };
/* End PBXBuildFile section */

/* Begin PBXFileReference section */
		DE898920249ACE4B000E147A /* CocktailAPI.app */ = {isa = PBXFileReference; explicitFileType = wrapper.application; includeInIndex = 0; path = CocktailAPI.app; sourceTree = BUILT_PRODUCTS_DIR; };
		DE898923249ACE4B000E147A /* AppDelegate.swift */ = {isa = PBXFileReference; lastKnownFileType = sourcecode.swift; path = AppDelegate.swift; sourceTree = "<group>"; };
		DE898925249ACE4B000E147A /* SceneDelegate.swift */ = {isa = PBXFileReference; lastKnownFileType = sourcecode.swift; path = SceneDelegate.swift; sourceTree = "<group>"; };
		DE89892A249ACE4B000E147A /* Base */ = {isa = PBXFileReference; lastKnownFileType = file.storyboard; name = Base; path = Base.lproj/Main.storyboard; sourceTree = "<group>"; };
		DE89892C249ACE4C000E147A /* Assets.xcassets */ = {isa = PBXFileReference; lastKnownFileType = folder.assetcatalog; path = Assets.xcassets; sourceTree = "<group>"; };
		DE89892F249ACE4C000E147A /* Base */ = {isa = PBXFileReference; lastKnownFileType = file.storyboard; name = Base; path = Base.lproj/LaunchScreen.storyboard; sourceTree = "<group>"; };
		DE898931249ACE4C000E147A /* Info.plist */ = {isa = PBXFileReference; lastKnownFileType = text.plist.xml; path = Info.plist; sourceTree = "<group>"; };
		DE898939249ACEE2000E147A /* Cocktail.swift */ = {isa = PBXFileReference; lastKnownFileType = sourcecode.swift; path = Cocktail.swift; sourceTree = "<group>"; };
		DE89893E249AD1DA000E147A /* CocktailController.swift */ = {isa = PBXFileReference; lastKnownFileType = sourcecode.swift; path = CocktailController.swift; sourceTree = "<group>"; };
		DE898940249AD37D000E147A /* CocktailError.swift */ = {isa = PBXFileReference; lastKnownFileType = sourcecode.swift; path = CocktailError.swift; sourceTree = "<group>"; };
		DE898942249AE361000E147A /* CocktailListTableViewController.swift */ = {isa = PBXFileReference; lastKnownFileType = sourcecode.swift; path = CocktailListTableViewController.swift; sourceTree = "<group>"; };
		DE898945249AE538000E147A /* CocktailTableViewCell.swift */ = {isa = PBXFileReference; lastKnownFileType = sourcecode.swift; path = CocktailTableViewCell.swift; sourceTree = "<group>"; };
/* End PBXFileReference section */

/* Begin PBXFrameworksBuildPhase section */
		DE89891D249ACE4B000E147A /* Frameworks */ = {
			isa = PBXFrameworksBuildPhase;
			buildActionMask = 2147483647;
			files = (
			);
			runOnlyForDeploymentPostprocessing = 0;
		};
/* End PBXFrameworksBuildPhase section */

/* Begin PBXGroup section */
		DE898917249ACE4B000E147A = {
			isa = PBXGroup;
			children = (
				DE898922249ACE4B000E147A /* CocktailAPI */,
				DE898921249ACE4B000E147A /* Products */,
			);
			sourceTree = "<group>";
		};
		DE898921249ACE4B000E147A /* Products */ = {
			isa = PBXGroup;
			children = (
				DE898920249ACE4B000E147A /* CocktailAPI.app */,
			);
			name = Products;
			sourceTree = "<group>";
		};
		DE898922249ACE4B000E147A /* CocktailAPI */ = {
			isa = PBXGroup;
			children = (
				DE898944249AE511000E147A /* CustomView */,
				DE89893B249AD1B0000E147A /* Controllers */,
				DE898938249ACECC000E147A /* Models */,
				DE898937249ACE54000E147A /* Resources */,
				DE898929249ACE4B000E147A /* Main.storyboard */,
			);
			path = CocktailAPI;
			sourceTree = "<group>";
		};
		DE898937249ACE54000E147A /* Resources */ = {
			isa = PBXGroup;
			children = (
				DE898923249ACE4B000E147A /* AppDelegate.swift */,
				DE898925249ACE4B000E147A /* SceneDelegate.swift */,
				DE89892C249ACE4C000E147A /* Assets.xcassets */,
				DE89892E249ACE4C000E147A /* LaunchScreen.storyboard */,
				DE898931249ACE4C000E147A /* Info.plist */,
			);
			path = Resources;
			sourceTree = "<group>";
		};
		DE898938249ACECC000E147A /* Models */ = {
			isa = PBXGroup;
			children = (
				DE898939249ACEE2000E147A /* Cocktail.swift */,
				DE898940249AD37D000E147A /* CocktailError.swift */,
			);
			path = Models;
			sourceTree = "<group>";
		};
		DE89893B249AD1B0000E147A /* Controllers */ = {
			isa = PBXGroup;
			children = (
				DE89893D249AD1BF000E147A /* ViewController */,
				DE89893C249AD1B8000E147A /* ModelController */,
			);
			path = Controllers;
			sourceTree = "<group>";
		};
		DE89893C249AD1B8000E147A /* ModelController */ = {
			isa = PBXGroup;
			children = (
				DE89893E249AD1DA000E147A /* CocktailController.swift */,
			);
			path = ModelController;
			sourceTree = "<group>";
		};
		DE89893D249AD1BF000E147A /* ViewController */ = {
			isa = PBXGroup;
			children = (
				DE898942249AE361000E147A /* CocktailListTableViewController.swift */,
			);
			path = ViewController;
			sourceTree = "<group>";
		};
		DE898944249AE511000E147A /* CustomView */ = {
			isa = PBXGroup;
			children = (
				DE898945249AE538000E147A /* CocktailTableViewCell.swift */,
			);
			path = CustomView;
			sourceTree = "<group>";
		};
/* End PBXGroup section */

/* Begin PBXNativeTarget section */
		DE89891F249ACE4B000E147A /* CocktailAPI */ = {
			isa = PBXNativeTarget;
			buildConfigurationList = DE898934249ACE4C000E147A /* Build configuration list for PBXNativeTarget "CocktailAPI" */;
			buildPhases = (
				DE89891C249ACE4B000E147A /* Sources */,
				DE89891D249ACE4B000E147A /* Frameworks */,
				DE89891E249ACE4B000E147A /* Resources */,
			);
			buildRules = (
			);
			dependencies = (
			);
			name = CocktailAPI;
			productName = CocktailAPI;
			productReference = DE898920249ACE4B000E147A /* CocktailAPI.app */;
			productType = "com.apple.product-type.application";
		};
/* End PBXNativeTarget section */

/* Begin PBXProject section */
		DE898918249ACE4B000E147A /* Project object */ = {
			isa = PBXProject;
			attributes = {
				LastSwiftUpdateCheck = 1150;
				LastUpgradeCheck = 1150;
				ORGANIZATIONNAME = "Connor Holland";
				TargetAttributes = {
					DE89891F249ACE4B000E147A = {
						CreatedOnToolsVersion = 11.5;
					};
				};
			};
			buildConfigurationList = DE89891B249ACE4B000E147A /* Build configuration list for PBXProject "CocktailAPI" */;
			compatibilityVersion = "Xcode 9.3";
			developmentRegion = en;
			hasScannedForEncodings = 0;
			knownRegions = (
				en,
				Base,
			);
			mainGroup = DE898917249ACE4B000E147A;
			productRefGroup = DE898921249ACE4B000E147A /* Products */;
			projectDirPath = "";
			projectRoot = "";
			targets = (
				DE89891F249ACE4B000E147A /* CocktailAPI */,
			);
		};
/* End PBXProject section */

/* Begin PBXResourcesBuildPhase section */
		DE89891E249ACE4B000E147A /* Resources */ = {
			isa = PBXResourcesBuildPhase;
			buildActionMask = 2147483647;
			files = (
				DE898930249ACE4C000E147A /* LaunchScreen.storyboard in Resources */,
				DE89892D249ACE4C000E147A /* Assets.xcassets in Resources */,
				DE89892B249ACE4B000E147A /* Main.storyboard in Resources */,
			);
			runOnlyForDeploymentPostprocessing = 0;
		};
/* End PBXResourcesBuildPhase section */

/* Begin PBXSourcesBuildPhase section */
		DE89891C249ACE4B000E147A /* Sources */ = {
			isa = PBXSourcesBuildPhase;
			buildActionMask = 2147483647;
			files = (
				DE898924249ACE4B000E147A /* AppDelegate.swift in Sources */,
				DE89893F249AD1DA000E147A /* CocktailController.swift in Sources */,
				DE898946249AE538000E147A /* CocktailTableViewCell.swift in Sources */,
				DE898926249ACE4B000E147A /* SceneDelegate.swift in Sources */,
				DE898943249AE361000E147A /* CocktailListTableViewController.swift in Sources */,
				DE89893A249ACEE2000E147A /* Cocktail.swift in Sources */,
				DE898941249AD37D000E147A /* CocktailError.swift in Sources */,
			);
			runOnlyForDeploymentPostprocessing = 0;
		};
/* End PBXSourcesBuildPhase section */

/* Begin PBXVariantGroup section */
		DE898929249ACE4B000E147A /* Main.storyboard */ = {
			isa = PBXVariantGroup;
			children = (
				DE89892A249ACE4B000E147A /* Base */,
			);
			name = Main.storyboard;
			sourceTree = "<group>";
		};
		DE89892E249ACE4C000E147A /* LaunchScreen.storyboard */ = {
			isa = PBXVariantGroup;
			children = (
				DE89892F249ACE4C000E147A /* Base */,
			);
			name = LaunchScreen.storyboard;
			sourceTree = "<group>";
		};
/* End PBXVariantGroup section */

/* Begin XCBuildConfiguration section */
		DE898932249ACE4C000E147A /* Debug */ = {
			isa = XCBuildConfiguration;
			buildSettings = {
				ALWAYS_SEARCH_USER_PATHS = NO;
				CLANG_ANALYZER_NONNULL = YES;
				CLANG_ANALYZER_NUMBER_OBJECT_CONVERSION = YES_AGGRESSIVE;
				CLANG_CXX_LANGUAGE_STANDARD = "gnu++14";
				CLANG_CXX_LIBRARY = "libc++";
				CLANG_ENABLE_MODULES = YES;
				CLANG_ENABLE_OBJC_ARC = YES;
				CLANG_ENABLE_OBJC_WEAK = YES;
				CLANG_WARN_BLOCK_CAPTURE_AUTORELEASING = YES;
				CLANG_WARN_BOOL_CONVERSION = YES;
				CLANG_WARN_COMMA = YES;
				CLANG_WARN_CONSTANT_CONVERSION = YES;
				CLANG_WARN_DEPRECATED_OBJC_IMPLEMENTATIONS = YES;
				CLANG_WARN_DIRECT_OBJC_ISA_USAGE = YES_ERROR;
				CLANG_WARN_DOCUMENTATION_COMMENTS = YES;
				CLANG_WARN_EMPTY_BODY = YES;
				CLANG_WARN_ENUM_CONVERSION = YES;
				CLANG_WARN_INFINITE_RECURSION = YES;
				CLANG_WARN_INT_CONVERSION = YES;
				CLANG_WARN_NON_LITERAL_NULL_CONVERSION = YES;
				CLANG_WARN_OBJC_IMPLICIT_RETAIN_SELF = YES;
				CLANG_WARN_OBJC_LITERAL_CONVERSION = YES;
				CLANG_WARN_OBJC_ROOT_CLASS = YES_ERROR;
				CLANG_WARN_RANGE_LOOP_ANALYSIS = YES;
				CLANG_WARN_STRICT_PROTOTYPES = YES;
				CLANG_WARN_SUSPICIOUS_MOVE = YES;
				CLANG_WARN_UNGUARDED_AVAILABILITY = YES_AGGRESSIVE;
				CLANG_WARN_UNREACHABLE_CODE = YES;
				CLANG_WARN__DUPLICATE_METHOD_MATCH = YES;
				COPY_PHASE_STRIP = NO;
				DEBUG_INFORMATION_FORMAT = dwarf;
				ENABLE_STRICT_OBJC_MSGSEND = YES;
				ENABLE_TESTABILITY = YES;
				GCC_C_LANGUAGE_STANDARD = gnu11;
				GCC_DYNAMIC_NO_PIC = NO;
				GCC_NO_COMMON_BLOCKS = YES;
				GCC_OPTIMIZATION_LEVEL = 0;
				GCC_PREPROCESSOR_DEFINITIONS = (
					"DEBUG=1",
					"$(inherited)",
				);
				GCC_WARN_64_TO_32_BIT_CONVERSION = YES;
				GCC_WARN_ABOUT_RETURN_TYPE = YES_ERROR;
				GCC_WARN_UNDECLARED_SELECTOR = YES;
				GCC_WARN_UNINITIALIZED_AUTOS = YES_AGGRESSIVE;
				GCC_WARN_UNUSED_FUNCTION = YES;
				GCC_WARN_UNUSED_VARIABLE = YES;
				IPHONEOS_DEPLOYMENT_TARGET = 13.5;
				MTL_ENABLE_DEBUG_INFO = INCLUDE_SOURCE;
				MTL_FAST_MATH = YES;
				ONLY_ACTIVE_ARCH = YES;
				SDKROOT = iphoneos;
				SWIFT_ACTIVE_COMPILATION_CONDITIONS = DEBUG;
				SWIFT_OPTIMIZATION_LEVEL = "-Onone";
			};
			name = Debug;
		};
		DE898933249ACE4C000E147A /* Release */ = {
			isa = XCBuildConfiguration;
			buildSettings = {
				ALWAYS_SEARCH_USER_PATHS = NO;
				CLANG_ANALYZER_NONNULL = YES;
				CLANG_ANALYZER_NUMBER_OBJECT_CONVERSION = YES_AGGRESSIVE;
				CLANG_CXX_LANGUAGE_STANDARD = "gnu++14";
				CLANG_CXX_LIBRARY = "libc++";
				CLANG_ENABLE_MODULES = YES;
				CLANG_ENABLE_OBJC_ARC = YES;
				CLANG_ENABLE_OBJC_WEAK = YES;
				CLANG_WARN_BLOCK_CAPTURE_AUTORELEASING = YES;
				CLANG_WARN_BOOL_CONVERSION = YES;
				CLANG_WARN_COMMA = YES;
				CLANG_WARN_CONSTANT_CONVERSION = YES;
				CLANG_WARN_DEPRECATED_OBJC_IMPLEMENTATIONS = YES;
				CLANG_WARN_DIRECT_OBJC_ISA_USAGE = YES_ERROR;
				CLANG_WARN_DOCUMENTATION_COMMENTS = YES;
				CLANG_WARN_EMPTY_BODY = YES;
				CLANG_WARN_ENUM_CONVERSION = YES;
				CLANG_WARN_INFINITE_RECURSION = YES;
				CLANG_WARN_INT_CONVERSION = YES;
				CLANG_WARN_NON_LITERAL_NULL_CONVERSION = YES;
				CLANG_WARN_OBJC_IMPLICIT_RETAIN_SELF = YES;
				CLANG_WARN_OBJC_LITERAL_CONVERSION = YES;
				CLANG_WARN_OBJC_ROOT_CLASS = YES_ERROR;
				CLANG_WARN_RANGE_LOOP_ANALYSIS = YES;
				CLANG_WARN_STRICT_PROTOTYPES = YES;
				CLANG_WARN_SUSPICIOUS_MOVE = YES;
				CLANG_WARN_UNGUARDED_AVAILABILITY = YES_AGGRESSIVE;
				CLANG_WARN_UNREACHABLE_CODE = YES;
				CLANG_WARN__DUPLICATE_METHOD_MATCH = YES;
				COPY_PHASE_STRIP = NO;
				DEBUG_INFORMATION_FORMAT = "dwarf-with-dsym";
				ENABLE_NS_ASSERTIONS = NO;
				ENABLE_STRICT_OBJC_MSGSEND = YES;
				GCC_C_LANGUAGE_STANDARD = gnu11;
				GCC_NO_COMMON_BLOCKS = YES;
				GCC_WARN_64_TO_32_BIT_CONVERSION = YES;
				GCC_WARN_ABOUT_RETURN_TYPE = YES_ERROR;
				GCC_WARN_UNDECLARED_SELECTOR = YES;
				GCC_WARN_UNINITIALIZED_AUTOS = YES_AGGRESSIVE;
				GCC_WARN_UNUSED_FUNCTION = YES;
				GCC_WARN_UNUSED_VARIABLE = YES;
				IPHONEOS_DEPLOYMENT_TARGET = 13.5;
				MTL_ENABLE_DEBUG_INFO = NO;
				MTL_FAST_MATH = YES;
				SDKROOT = iphoneos;
				SWIFT_COMPILATION_MODE = wholemodule;
				SWIFT_OPTIMIZATION_LEVEL = "-O";
				VALIDATE_PRODUCT = YES;
			};
			name = Release;
		};
		DE898935249ACE4C000E147A /* Debug */ = {
			isa = XCBuildConfiguration;
			buildSettings = {
				ASSETCATALOG_COMPILER_APPICON_NAME = AppIcon;
				CODE_SIGN_STYLE = Automatic;
				DEVELOPMENT_TEAM = 265HY58XK9;
				INFOPLIST_FILE = CocktailAPI/Resources/Info.plist;
				LD_RUNPATH_SEARCH_PATHS = (
					"$(inherited)",
					"@executable_path/Frameworks",
				);
				PRODUCT_BUNDLE_IDENTIFIER = com.connorholland.CocktailAPI;
				PRODUCT_NAME = "$(TARGET_NAME)";
				SWIFT_VERSION = 5.0;
				TARGETED_DEVICE_FAMILY = "1,2";
			};
			name = Debug;
		};
		DE898936249ACE4C000E147A /* Release */ = {
			isa = XCBuildConfiguration;
			buildSettings = {
				ASSETCATALOG_COMPILER_APPICON_NAME = AppIcon;
				CODE_SIGN_STYLE = Automatic;
				DEVELOPMENT_TEAM = 265HY58XK9;
				INFOPLIST_FILE = CocktailAPI/Resources/Info.plist;
				LD_RUNPATH_SEARCH_PATHS = (
					"$(inherited)",
					"@executable_path/Frameworks",
				);
				PRODUCT_BUNDLE_IDENTIFIER = com.connorholland.CocktailAPI;
				PRODUCT_NAME = "$(TARGET_NAME)";
				SWIFT_VERSION = 5.0;
				TARGETED_DEVICE_FAMILY = "1,2";
			};
			name = Release;
		};
/* End XCBuildConfiguration section */

/* Begin XCConfigurationList section */
		DE89891B249ACE4B000E147A /* Build configuration list for PBXProject "CocktailAPI" */ = {
			isa = XCConfigurationList;
			buildConfigurations = (
				DE898932249ACE4C000E147A /* Debug */,
				DE898933249ACE4C000E147A /* Release */,
			);
			defaultConfigurationIsVisible = 0;
			defaultConfigurationName = Release;
		};
		DE898934249ACE4C000E147A /* Build configuration list for PBXNativeTarget "CocktailAPI" */ = {
			isa = XCConfigurationList;
			buildConfigurations = (
				DE898935249ACE4C000E147A /* Debug */,
				DE898936249ACE4C000E147A /* Release */,
			);
			defaultConfigurationIsVisible = 0;
			defaultConfigurationName = Release;
		};
/* End XCConfigurationList section */
	};
	rootObject = DE898918249ACE4B000E147A /* Project object */;
}
